
Microsoft Visual Studio Solution File, Format Version 12.00
# Visual Studio Version 16
VisualStudioVersion = 16.0.31129.286
MinimumVisualStudioVersion = 10.0.40219.1
Project("{FAE04EC0-301F-11D3-BF4B-00C04F79EFBC}") = "ApagarApp", "ApagarApp.csproj", "{A8DFCBB6-F93C-4338-B45D-7FD0DD03D579}"
EndProject
Global
	GlobalSection(SolutionConfigurationPlatforms) = preSolution
		Debug|Any CPU = Debug|Any CPU
		Release|Any CPU = Release|Any CPU
	EndGlobalSection
	GlobalSection(ProjectConfigurationPlatforms) = postSolution
		{A8DFCBB6-F93C-4338-B45D-7FD0DD03D579}.Debug|Any CPU.ActiveCfg = Debug|Any CPU
		{A8DFCBB6-F93C-4338-B45D-7FD0DD03D579}.Debug|Any CPU.Build.0 = Debug|Any CPU
		{A8DFCBB6-F93C-4338-B45D-7FD0DD03D579}.Release|Any CPU.ActiveCfg = Release|Any CPU
		{A8DFCBB6-F93C-4338-B45D-7FD0DD03D579}.Release|Any CPU.Build.0 = Release|Any CPU
	EndGlobalSection
	GlobalSection(SolutionProperties) = preSolution
		HideSolutionNode = FALSE
	EndGlobalSection
	GlobalSection(ExtensibilityGlobals) = postSolution
		SolutionGuid = {A262C886-4DCE-4098-899F-0D4821026957}
	EndGlobalSection
EndGlobal
